// !$*UTF8*$!
{
	archiveVersion = 1;
	classes = {
	};
	objectVersion = 46;
	objects = {

/* Begin PBXBuildFile section */
		B29B67F818D8649A003F96BC /* S3ZAppDelegate.m in Sources */ = {isa = PBXBuildFile; fileRef = B29B67F718D8649A003F96BC /* S3ZAppDelegate.m */; };
		B29B67FB18D864A4003F96BC /* Main.storyboard in Resources */ = {isa = PBXBuildFile; fileRef = B29B67F918D864A4003F96BC /* Main.storyboard */; };
		B29B67FD18D864AE003F96BC /* Images.xcassets in Resources */ = {isa = PBXBuildFile; fileRef = B29B67FC18D864AE003F96BC /* Images.xcassets */; };
		B29B680118D864B9003F96BC /* main.m in Sources */ = {isa = PBXBuildFile; fileRef = B29B67FE18D864B9003F96BC /* main.m */; };
		B2CE53B918D7531D0021F701 /* Foundation.framework in Frameworks */ = {isa = PBXBuildFile; fileRef = B2CE53B818D7531D0021F701 /* Foundation.framework */; };
		B2CE53BB18D7531D0021F701 /* CoreGraphics.framework in Frameworks */ = {isa = PBXBuildFile; fileRef = B2CE53BA18D7531D0021F701 /* CoreGraphics.framework */; };
		B2CE53BD18D7531D0021F701 /* UIKit.framework in Frameworks */ = {isa = PBXBuildFile; fileRef = B2CE53BC18D7531D0021F701 /* UIKit.framework */; };
		B2CE53FF18D757CE0021F701 /* S3ZTableViewController.m in Sources */ = {isa = PBXBuildFile; fileRef = B2CE53FE18D757CE0021F701 /* S3ZTableViewController.m */; };
		B2EE102818E190D700463335 /* XCTest.framework in Frameworks */ = {isa = PBXBuildFile; fileRef = B2CE53D718D7531D0021F701 /* XCTest.framework */; };
		B2EE102918E190D700463335 /* Foundation.framework in Frameworks */ = {isa = PBXBuildFile; fileRef = B2CE53B818D7531D0021F701 /* Foundation.framework */; };
		B2EE102A18E190D700463335 /* UIKit.framework in Frameworks */ = {isa = PBXBuildFile; fileRef = B2CE53BC18D7531D0021F701 /* UIKit.framework */; };
		B2EE103018E190D700463335 /* InfoPlist.strings in Resources */ = {isa = PBXBuildFile; fileRef = B2EE102E18E190D700463335 /* InfoPlist.strings */; };
		B2EE103218E190D700463335 /* S3ZencoderVideoManagerExample_Tests.m in Sources */ = {isa = PBXBuildFile; fileRef = B2EE103118E190D700463335 /* S3ZencoderVideoManagerExample_Tests.m */; };
		B912DF7FA1C24B0AB3E17736 /* libPods.a in Frameworks */ = {isa = PBXBuildFile; fileRef = E2566D31055E426DA8FD1CD0 /* libPods.a */; };
/* End PBXBuildFile section */

/* Begin PBXContainerItemProxy section */
		B2EE103418E190D700463335 /* PBXContainerItemProxy */ = {
			isa = PBXContainerItemProxy;
			containerPortal = B2CE53AD18D7531D0021F701 /* Project object */;
			proxyType = 1;
			remoteGlobalIDString = B2CE53B418D7531D0021F701;
			remoteInfo = S3ZencoderVideoManagerExample;
		};
/* End PBXContainerItemProxy section */

/* Begin PBXFileReference section */
		B29B67F618D8649A003F96BC /* S3ZAppDelegate.h */ = {isa = PBXFileReference; fileEncoding = 4; lastKnownFileType = sourcecode.c.h; path = S3ZAppDelegate.h; sourceTree = "<group>"; };
		B29B67F718D8649A003F96BC /* S3ZAppDelegate.m */ = {isa = PBXFileReference; fileEncoding = 4; lastKnownFileType = sourcecode.c.objc; path = S3ZAppDelegate.m; sourceTree = "<group>"; };
		B29B67FA18D864A4003F96BC /* Base */ = {isa = PBXFileReference; lastKnownFileType = file.storyboard; name = Base; path = Base.lproj/Main.storyboard; sourceTree = "<group>"; };
		B29B67FC18D864AE003F96BC /* Images.xcassets */ = {isa = PBXFileReference; lastKnownFileType = folder.assetcatalog; path = Images.xcassets; sourceTree = "<group>"; };
		B29B67FE18D864B9003F96BC /* main.m */ = {isa = PBXFileReference; fileEncoding = 4; lastKnownFileType = sourcecode.c.objc; path = main.m; sourceTree = "<group>"; };
		B29B67FF18D864B9003F96BC /* S3ZencoderVideoManagerExample-Info.plist */ = {isa = PBXFileReference; fileEncoding = 4; lastKnownFileType = text.plist.xml; path = "S3ZencoderVideoManagerExample-Info.plist"; sourceTree = "<group>"; };
		B29B680018D864B9003F96BC /* S3ZencoderVideoManagerExample-Prefix.pch */ = {isa = PBXFileReference; fileEncoding = 4; lastKnownFileType = sourcecode.c.h; path = "S3ZencoderVideoManagerExample-Prefix.pch"; sourceTree = "<group>"; };
		B2CE53B518D7531D0021F701 /* S3ZencoderVideoManagerExample.app */ = {isa = PBXFileReference; explicitFileType = wrapper.application; includeInIndex = 0; path = S3ZencoderVideoManagerExample.app; sourceTree = BUILT_PRODUCTS_DIR; };
		B2CE53B818D7531D0021F701 /* Foundation.framework */ = {isa = PBXFileReference; lastKnownFileType = wrapper.framework; name = Foundation.framework; path = System/Library/Frameworks/Foundation.framework; sourceTree = SDKROOT; };
		B2CE53BA18D7531D0021F701 /* CoreGraphics.framework */ = {isa = PBXFileReference; lastKnownFileType = wrapper.framework; name = CoreGraphics.framework; path = System/Library/Frameworks/CoreGraphics.framework; sourceTree = SDKROOT; };
		B2CE53BC18D7531D0021F701 /* UIKit.framework */ = {isa = PBXFileReference; lastKnownFileType = wrapper.framework; name = UIKit.framework; path = System/Library/Frameworks/UIKit.framework; sourceTree = SDKROOT; };
		B2CE53D718D7531D0021F701 /* XCTest.framework */ = {isa = PBXFileReference; lastKnownFileType = wrapper.framework; name = XCTest.framework; path = Library/Frameworks/XCTest.framework; sourceTree = DEVELOPER_DIR; };
		B2CE53FD18D757CE0021F701 /* S3ZTableViewController.h */ = {isa = PBXFileReference; fileEncoding = 4; lastKnownFileType = sourcecode.c.h; path = S3ZTableViewController.h; sourceTree = "<group>"; };
		B2CE53FE18D757CE0021F701 /* S3ZTableViewController.m */ = {isa = PBXFileReference; fileEncoding = 4; lastKnownFileType = sourcecode.c.objc; path = S3ZTableViewController.m; sourceTree = "<group>"; };
		B2EE102718E190D700463335 /* S3ZencoderVideoManagerExample Tests.xctest */ = {isa = PBXFileReference; explicitFileType = wrapper.cfbundle; includeInIndex = 0; path = "S3ZencoderVideoManagerExample Tests.xctest"; sourceTree = BUILT_PRODUCTS_DIR; };
		B2EE102D18E190D700463335 /* S3ZencoderVideoManagerExample Tests-Info.plist */ = {isa = PBXFileReference; lastKnownFileType = text.plist.xml; path = "S3ZencoderVideoManagerExample Tests-Info.plist"; sourceTree = "<group>"; };
		B2EE102F18E190D700463335 /* en */ = {isa = PBXFileReference; lastKnownFileType = text.plist.strings; name = en; path = en.lproj/InfoPlist.strings; sourceTree = "<group>"; };
		B2EE103118E190D700463335 /* S3ZencoderVideoManagerExample_Tests.m */ = {isa = PBXFileReference; lastKnownFileType = sourcecode.c.objc; path = S3ZencoderVideoManagerExample_Tests.m; sourceTree = "<group>"; };
		B2EE103318E190D700463335 /* S3ZencoderVideoManagerExample Tests-Prefix.pch */ = {isa = PBXFileReference; lastKnownFileType = sourcecode.c.h; path = "S3ZencoderVideoManagerExample Tests-Prefix.pch"; sourceTree = "<group>"; };
		BFCE91052E804621AB9FF7A1 /* Pods.xcconfig */ = {isa = PBXFileReference; includeInIndex = 1; lastKnownFileType = text.xcconfig; name = Pods.xcconfig; path = Pods/Pods.xcconfig; sourceTree = "<group>"; };
		E2566D31055E426DA8FD1CD0 /* libPods.a */ = {isa = PBXFileReference; explicitFileType = archive.ar; includeInIndex = 0; path = libPods.a; sourceTree = BUILT_PRODUCTS_DIR; };
/* End PBXFileReference section */

/* Begin PBXFrameworksBuildPhase section */
		B2CE53B218D7531D0021F701 /* Frameworks */ = {
			isa = PBXFrameworksBuildPhase;
			buildActionMask = 2147483647;
			files = (
				B2CE53BB18D7531D0021F701 /* CoreGraphics.framework in Frameworks */,
				B2CE53BD18D7531D0021F701 /* UIKit.framework in Frameworks */,
				B2CE53B918D7531D0021F701 /* Foundation.framework in Frameworks */,
				B912DF7FA1C24B0AB3E17736 /* libPods.a in Frameworks */,
			);
			runOnlyForDeploymentPostprocessing = 0;
		};
		B2EE102418E190D600463335 /* Frameworks */ = {
			isa = PBXFrameworksBuildPhase;
			buildActionMask = 2147483647;
			files = (
				B2EE102818E190D700463335 /* XCTest.framework in Frameworks */,
				B2EE102A18E190D700463335 /* UIKit.framework in Frameworks */,
				B2EE102918E190D700463335 /* Foundation.framework in Frameworks */,
			);
			runOnlyForDeploymentPostprocessing = 0;
		};
/* End PBXFrameworksBuildPhase section */

/* Begin PBXGroup section */
		B2CE53AC18D7531D0021F701 = {
			isa = PBXGroup;
			children = (
				B2CE53BE18D7531D0021F701 /* S3ZencoderVideoManagerExample */,
				B2EE102B18E190D700463335 /* S3ZencoderVideoManagerExample Tests */,
				B2CE53B718D7531D0021F701 /* Frameworks */,
				B2CE53B618D7531D0021F701 /* Products */,
				BFCE91052E804621AB9FF7A1 /* Pods.xcconfig */,
			);
			sourceTree = "<group>";
		};
		B2CE53B618D7531D0021F701 /* Products */ = {
			isa = PBXGroup;
			children = (
				B2CE53B518D7531D0021F701 /* S3ZencoderVideoManagerExample.app */,
				B2EE102718E190D700463335 /* S3ZencoderVideoManagerExample Tests.xctest */,
			);
			name = Products;
			sourceTree = "<group>";
		};
		B2CE53B718D7531D0021F701 /* Frameworks */ = {
			isa = PBXGroup;
			children = (
				B2CE53B818D7531D0021F701 /* Foundation.framework */,
				B2CE53BA18D7531D0021F701 /* CoreGraphics.framework */,
				B2CE53BC18D7531D0021F701 /* UIKit.framework */,
				B2CE53D718D7531D0021F701 /* XCTest.framework */,
				E2566D31055E426DA8FD1CD0 /* libPods.a */,
			);
			name = Frameworks;
			sourceTree = "<group>";
		};
		B2CE53BE18D7531D0021F701 /* S3ZencoderVideoManagerExample */ = {
			isa = PBXGroup;
			children = (
				B29B67F918D864A4003F96BC /* Main.storyboard */,
				B29B67F618D8649A003F96BC /* S3ZAppDelegate.h */,
				B29B67F718D8649A003F96BC /* S3ZAppDelegate.m */,
				B2CE53FD18D757CE0021F701 /* S3ZTableViewController.h */,
				B2CE53FE18D757CE0021F701 /* S3ZTableViewController.m */,
				B29B67FC18D864AE003F96BC /* Images.xcassets */,
				B2CE53BF18D7531D0021F701 /* Supporting Files */,
			);
			path = S3ZencoderVideoManagerExample;
			sourceTree = "<group>";
		};
		B2CE53BF18D7531D0021F701 /* Supporting Files */ = {
			isa = PBXGroup;
			children = (
				B29B67FE18D864B9003F96BC /* main.m */,
				B29B67FF18D864B9003F96BC /* S3ZencoderVideoManagerExample-Info.plist */,
				B29B680018D864B9003F96BC /* S3ZencoderVideoManagerExample-Prefix.pch */,
			);
			name = "Supporting Files";
			sourceTree = "<group>";
		};
		B2EE102B18E190D700463335 /* S3ZencoderVideoManagerExample Tests */ = {
			isa = PBXGroup;
			children = (
				B2EE103118E190D700463335 /* S3ZencoderVideoManagerExample_Tests.m */,
				B2EE102C18E190D700463335 /* Supporting Files */,
			);
			path = "S3ZencoderVideoManagerExample Tests";
			sourceTree = "<group>";
		};
		B2EE102C18E190D700463335 /* Supporting Files */ = {
			isa = PBXGroup;
			children = (
				B2EE102D18E190D700463335 /* S3ZencoderVideoManagerExample Tests-Info.plist */,
				B2EE102E18E190D700463335 /* InfoPlist.strings */,
				B2EE103318E190D700463335 /* S3ZencoderVideoManagerExample Tests-Prefix.pch */,
			);
			name = "Supporting Files";
			sourceTree = "<group>";
		};
/* End PBXGroup section */

/* Begin PBXNativeTarget section */
		B2CE53B418D7531D0021F701 /* S3ZencoderVideoManagerExample */ = {
			isa = PBXNativeTarget;
			buildConfigurationList = B2CE53E718D7531D0021F701 /* Build configuration list for PBXNativeTarget "S3ZencoderVideoManagerExample" */;
			buildPhases = (
				1208940D326C4FD6940CFDF4 /* Check Pods Manifest.lock */,
				B2CE53B118D7531D0021F701 /* Sources */,
				B2CE53B218D7531D0021F701 /* Frameworks */,
				B2CE53B318D7531D0021F701 /* Resources */,
				BDD7A9F6859C4F7690E3D220 /* Copy Pods Resources */,
			);
			buildRules = (
			);
			dependencies = (
			);
			name = S3ZencoderVideoManagerExample;
			productName = S3ZencoderVideoManagerExample;
			productReference = B2CE53B518D7531D0021F701 /* S3ZencoderVideoManagerExample.app */;
			productType = "com.apple.product-type.application";
		};
		B2EE102618E190D600463335 /* S3ZencoderVideoManagerExample Tests */ = {
			isa = PBXNativeTarget;
			buildConfigurationList = B2EE103818E190D700463335 /* Build configuration list for PBXNativeTarget "S3ZencoderVideoManagerExample Tests" */;
			buildPhases = (
				B2EE102318E190D600463335 /* Sources */,
				B2EE102418E190D600463335 /* Frameworks */,
				B2EE102518E190D600463335 /* Resources */,
			);
			buildRules = (
			);
			dependencies = (
				B2EE103518E190D700463335 /* PBXTargetDependency */,
			);
			name = "S3ZencoderVideoManagerExample Tests";
			productName = "S3ZencoderVideoManagerExample Tests";
			productReference = B2EE102718E190D700463335 /* S3ZencoderVideoManagerExample Tests.xctest */;
			productType = "com.apple.product-type.bundle.unit-test";
		};
/* End PBXNativeTarget section */

/* Begin PBXProject section */
		B2CE53AD18D7531D0021F701 /* Project object */ = {
			isa = PBXProject;
			attributes = {
				CLASSPREFIX = S3Z;
				LastUpgradeCheck = 0510;
				ORGANIZATIONNAME = "Genady Okrain";
				TargetAttributes = {
					B2CE53B418D7531D0021F701 = {
						DevelopmentTeam = SZHLQT8428;
					};
					B2EE102618E190D600463335 = {
						TestTargetID = B2CE53B418D7531D0021F701;
					};
				};
			};
			buildConfigurationList = B2CE53B018D7531D0021F701 /* Build configuration list for PBXProject "S3ZencoderVideoManagerExample" */;
			compatibilityVersion = "Xcode 3.2";
			developmentRegion = English;
			hasScannedForEncodings = 0;
			knownRegions = (
				en,
				Base,
			);
			mainGroup = B2CE53AC18D7531D0021F701;
			productRefGroup = B2CE53B618D7531D0021F701 /* Products */;
			projectDirPath = "";
			projectRoot = "";
			targets = (
				B2CE53B418D7531D0021F701 /* S3ZencoderVideoManagerExample */,
				B2EE102618E190D600463335 /* S3ZencoderVideoManagerExample Tests */,
			);
		};
/* End PBXProject section */

/* Begin PBXResourcesBuildPhase section */
		B2CE53B318D7531D0021F701 /* Resources */ = {
			isa = PBXResourcesBuildPhase;
			buildActionMask = 2147483647;
			files = (
				B29B67FD18D864AE003F96BC /* Images.xcassets in Resources */,
				B29B67FB18D864A4003F96BC /* Main.storyboard in Resources */,
			);
			runOnlyForDeploymentPostprocessing = 0;
		};
		B2EE102518E190D600463335 /* Resources */ = {
			isa = PBXResourcesBuildPhase;
			buildActionMask = 2147483647;
			files = (
				B2EE103018E190D700463335 /* InfoPlist.strings in Resources */,
			);
			runOnlyForDeploymentPostprocessing = 0;
		};
/* End PBXResourcesBuildPhase section */

/* Begin PBXShellScriptBuildPhase section */
		1208940D326C4FD6940CFDF4 /* Check Pods Manifest.lock */ = {
			isa = PBXShellScriptBuildPhase;
			buildActionMask = 2147483647;
			files = (
			);
			inputPaths = (
			);
			name = "Check Pods Manifest.lock";
			outputPaths = (
			);
			runOnlyForDeploymentPostprocessing = 0;
			shellPath = /bin/sh;
			shellScript = "diff \"${PODS_ROOT}/../Podfile.lock\" \"${PODS_ROOT}/Manifest.lock\" > /dev/null\nif [[ $? != 0 ]] ; then\n    cat << EOM\nerror: The sandbox is not in sync with the Podfile.lock. Run 'pod install' or update your CocoaPods installation.\nEOM\n    exit 1\nfi\n";
			showEnvVarsInLog = 0;
		};
		BDD7A9F6859C4F7690E3D220 /* Copy Pods Resources */ = {
			isa = PBXShellScriptBuildPhase;
			buildActionMask = 2147483647;
			files = (
			);
			inputPaths = (
			);
			name = "Copy Pods Resources";
			outputPaths = (
			);
			runOnlyForDeploymentPostprocessing = 0;
			shellPath = /bin/sh;
			shellScript = "\"${SRCROOT}/Pods/Pods-resources.sh\"\n";
			showEnvVarsInLog = 0;
		};
/* End PBXShellScriptBuildPhase section */

/* Begin PBXSourcesBuildPhase section */
		B2CE53B118D7531D0021F701 /* Sources */ = {
			isa = PBXSourcesBuildPhase;
			buildActionMask = 2147483647;
			files = (
				B29B67F818D8649A003F96BC /* S3ZAppDelegate.m in Sources */,
				B29B680118D864B9003F96BC /* main.m in Sources */,
				B2CE53FF18D757CE0021F701 /* S3ZTableViewController.m in Sources */,
			);
			runOnlyForDeploymentPostprocessing = 0;
		};
		B2EE102318E190D600463335 /* Sources */ = {
			isa = PBXSourcesBuildPhase;
			buildActionMask = 2147483647;
			files = (
				B2EE103218E190D700463335 /* S3ZencoderVideoManagerExample_Tests.m in Sources */,
			);
			runOnlyForDeploymentPostprocessing = 0;
		};
/* End PBXSourcesBuildPhase section */

/* Begin PBXTargetDependency section */
		B2EE103518E190D700463335 /* PBXTargetDependency */ = {
			isa = PBXTargetDependency;
			target = B2CE53B418D7531D0021F701 /* S3ZencoderVideoManagerExample */;
			targetProxy = B2EE103418E190D700463335 /* PBXContainerItemProxy */;
		};
/* End PBXTargetDependency section */

/* Begin PBXVariantGroup section */
		B29B67F918D864A4003F96BC /* Main.storyboard */ = {
			isa = PBXVariantGroup;
			children = (
				B29B67FA18D864A4003F96BC /* Base */,
			);
			name = Main.storyboard;
			sourceTree = "<group>";
		};
		B2EE102E18E190D700463335 /* InfoPlist.strings */ = {
			isa = PBXVariantGroup;
			children = (
				B2EE102F18E190D700463335 /* en */,
			);
			name = InfoPlist.strings;
			sourceTree = "<group>";
		};
/* End PBXVariantGroup section */

/* Begin XCBuildConfiguration section */
		B2CE53E518D7531D0021F701 /* Debug */ = {
			isa = XCBuildConfiguration;
			buildSettings = {
				ALWAYS_SEARCH_USER_PATHS = NO;
				CLANG_CXX_LANGUAGE_STANDARD = "gnu++0x";
				CLANG_CXX_LIBRARY = "libc++";
				CLANG_ENABLE_MODULES = YES;
				CLANG_ENABLE_OBJC_ARC = YES;
				CLANG_WARN_BOOL_CONVERSION = YES;
				CLANG_WARN_CONSTANT_CONVERSION = YES;
				CLANG_WARN_DIRECT_OBJC_ISA_USAGE = YES_ERROR;
				CLANG_WARN_EMPTY_BODY = YES;
				CLANG_WARN_ENUM_CONVERSION = YES;
				CLANG_WARN_INT_CONVERSION = YES;
				CLANG_WARN_OBJC_ROOT_CLASS = YES_ERROR;
				CLANG_WARN__DUPLICATE_METHOD_MATCH = YES;
				"CODE_SIGN_IDENTITY[sdk=iphoneos*]" = "iPhone Developer";
				COPY_PHASE_STRIP = NO;
				GCC_C_LANGUAGE_STANDARD = gnu99;
				GCC_DYNAMIC_NO_PIC = NO;
				GCC_OPTIMIZATION_LEVEL = 0;
				GCC_PREPROCESSOR_DEFINITIONS = (
					"DEBUG=1",
					"$(inherited)",
				);
				GCC_SYMBOLS_PRIVATE_EXTERN = NO;
				GCC_WARN_64_TO_32_BIT_CONVERSION = YES;
				GCC_WARN_ABOUT_RETURN_TYPE = YES_ERROR;
				GCC_WARN_UNDECLARED_SELECTOR = YES;
				GCC_WARN_UNINITIALIZED_AUTOS = YES_AGGRESSIVE;
				GCC_WARN_UNUSED_FUNCTION = YES;
				GCC_WARN_UNUSED_VARIABLE = YES;
				IPHONEOS_DEPLOYMENT_TARGET = 7.0;
				ONLY_ACTIVE_ARCH = YES;
				SDKROOT = iphoneos;
			};
			name = Debug;
		};
		B2CE53E618D7531D0021F701 /* Release */ = {
			isa = XCBuildConfiguration;
			buildSettings = {
				ALWAYS_SEARCH_USER_PATHS = NO;
				CLANG_CXX_LANGUAGE_STANDARD = "gnu++0x";
				CLANG_CXX_LIBRARY = "libc++";
				CLANG_ENABLE_MODULES = YES;
				CLANG_ENABLE_OBJC_ARC = YES;
				CLANG_WARN_BOOL_CONVERSION = YES;
				CLANG_WARN_CONSTANT_CONVERSION = YES;
				CLANG_WARN_DIRECT_OBJC_ISA_USAGE = YES_ERROR;
				CLANG_WARN_EMPTY_BODY = YES;
				CLANG_WARN_ENUM_CONVERSION = YES;
				CLANG_WARN_INT_CONVERSION = YES;
				CLANG_WARN_OBJC_ROOT_CLASS = YES_ERROR;
				CLANG_WARN__DUPLICATE_METHOD_MATCH = YES;
				"CODE_SIGN_IDENTITY[sdk=iphoneos*]" = "iPhone Developer";
				COPY_PHASE_STRIP = YES;
				ENABLE_NS_ASSERTIONS = NO;
				GCC_C_LANGUAGE_STANDARD = gnu99;
				GCC_WARN_64_TO_32_BIT_CONVERSION = YES;
				GCC_WARN_ABOUT_RETURN_TYPE = YES_ERROR;
				GCC_WARN_UNDECLARED_SELECTOR = YES;
				GCC_WARN_UNINITIALIZED_AUTOS = YES_AGGRESSIVE;
				GCC_WARN_UNUSED_FUNCTION = YES;
				GCC_WARN_UNUSED_VARIABLE = YES;
				IPHONEOS_DEPLOYMENT_TARGET = 7.0;
				SDKROOT = iphoneos;
				VALIDATE_PRODUCT = YES;
			};
			name = Release;
		};
		B2CE53E818D7531D0021F701 /* Debug */ = {
			isa = XCBuildConfiguration;
			baseConfigurationReference = BFCE91052E804621AB9FF7A1 /* Pods.xcconfig */;
			buildSettings = {
				ASSETCATALOG_COMPILER_APPICON_NAME = AppIcon;
				ASSETCATALOG_COMPILER_LAUNCHIMAGE_NAME = LaunchImage;
				CODE_SIGN_IDENTITY = "iPhone Developer";
				FRAMEWORK_SEARCH_PATHS = (
					"$(inherited)",
					"$(PROJECT_DIR)",
				);
				GCC_PRECOMPILE_PREFIX_HEADER = YES;
				INFOPLIST_FILE = "S3ZencoderVideoManagerExample/S3ZencoderVideoManagerExample-Info.plist";
				IPHONEOS_DEPLOYMENT_TARGET = 7.0;
				PRODUCT_NAME = "$(TARGET_NAME)";
				PROVISIONING_PROFILE = "D49114C6-BCEC-4DD7-998C-29B37E399755";
				WRAPPER_EXTENSION = app;
			};
			name = Debug;
		};
		B2CE53E918D7531D0021F701 /* Release */ = {
			isa = XCBuildConfiguration;
			baseConfigurationReference = BFCE91052E804621AB9FF7A1 /* Pods.xcconfig */;
			buildSettings = {
				ASSETCATALOG_COMPILER_APPICON_NAME = AppIcon;
				ASSETCATALOG_COMPILER_LAUNCHIMAGE_NAME = LaunchImage;
				CODE_SIGN_IDENTITY = "iPhone Developer";
				FRAMEWORK_SEARCH_PATHS = (
					"$(inherited)",
					"$(PROJECT_DIR)",
				);
				GCC_PRECOMPILE_PREFIX_HEADER = YES;
				INFOPLIST_FILE = "S3ZencoderVideoManagerExample/S3ZencoderVideoManagerExample-Info.plist";
				IPHONEOS_DEPLOYMENT_TARGET = 7.0;
				PRODUCT_NAME = "$(TARGET_NAME)";
				WRAPPER_EXTENSION = app;
			};
			name = Release;
		};
		B2EE103618E190D700463335 /* Debug */ = {
			isa = XCBuildConfiguration;
			buildSettings = {
				BUNDLE_LOADER = "$(BUILT_PRODUCTS_DIR)/S3ZencoderVideoManagerExample.app/S3ZencoderVideoManagerExample";
				FRAMEWORK_SEARCH_PATHS = (
					"$(SDKROOT)/Developer/Library/Frameworks",
					"$(inherited)",
					"$(DEVELOPER_FRAMEWORKS_DIR)",
				);
				GCC_PRECOMPILE_PREFIX_HEADER = YES;
				GCC_PREFIX_HEADER = "S3ZencoderVideoManagerExample Tests/S3ZencoderVideoManagerExample Tests-Prefix.pch";
				GCC_PREPROCESSOR_DEFINITIONS = (
					"DEBUG=1",
					"$(inherited)",
				);
				INFOPLIST_FILE = "S3ZencoderVideoManagerExample Tests/S3ZencoderVideoManagerExample Tests-Info.plist";
				IPHONEOS_DEPLOYMENT_TARGET = 7.1;
				PRODUCT_NAME = "$(TARGET_NAME)";
				TEST_HOST = "$(BUNDLE_LOADER)";
				WRAPPER_EXTENSION = xctest;
			};
			name = Debug;
		};
		B2EE103718E190D700463335 /* Release */ = {
			isa = XCBuildConfiguration;
			buildSettings = {
				BUNDLE_LOADER = "$(BUILT_PRODUCTS_DIR)/S3ZencoderVideoManagerExample.app/S3ZencoderVideoManagerExample";
				FRAMEWORK_SEARCH_PATHS = (
					"$(SDKROOT)/Developer/Library/Frameworks",
					"$(inherited)",
					"$(DEVELOPER_FRAMEWORKS_DIR)",
				);
				GCC_PRECOMPILE_PREFIX_HEADER = YES;
				GCC_PREFIX_HEADER = "S3ZencoderVideoManagerExample Tests/S3ZencoderVideoManagerExample Tests-Prefix.pch";
				INFOPLIST_FILE = "S3ZencoderVideoManagerExample Tests/S3ZencoderVideoManagerExample Tests-Info.plist";
				IPHONEOS_DEPLOYMENT_TARGET = 7.1;
				PRODUCT_NAME = "$(TARGET_NAME)";
				TEST_HOST = "$(BUNDLE_LOADER)";
				WRAPPER_EXTENSION = xctest;
			};
			name = Release;
		};
/* End XCBuildConfiguration section */

/* Begin XCConfigurationList section */
		B2CE53B018D7531D0021F701 /* Build configuration list for PBXProject "S3ZencoderVideoManagerExample" */ = {
			isa = XCConfigurationList;
			buildConfigurations = (
				B2CE53E518D7531D0021F701 /* Debug */,
				B2CE53E618D7531D0021F701 /* Release */,
			);
			defaultConfigurationIsVisible = 0;
			defaultConfigurationName = Release;
		};
		B2CE53E718D7531D0021F701 /* Build configuration list for PBXNativeTarget "S3ZencoderVideoManagerExample" */ = {
			isa = XCConfigurationList;
			buildConfigurations = (
				B2CE53E818D7531D0021F701 /* Debug */,
				B2CE53E918D7531D0021F701 /* Release */,
			);
			defaultConfigurationIsVisible = 0;
			defaultConfigurationName = Release;
		};
		B2EE103818E190D700463335 /* Build configuration list for PBXNativeTarget "S3ZencoderVideoManagerExample Tests" */ = {
			isa = XCConfigurationList;
			buildConfigurations = (
				B2EE103618E190D700463335 /* Debug */,
				B2EE103718E190D700463335 /* Release */,
			);
			defaultConfigurationIsVisible = 0;
		};
/* End XCConfigurationList section */
	};
	rootObject = B2CE53AD18D7531D0021F701 /* Project object */;
}
